// !$*UTF8*$!
{
	archiveVersion = 1;
	classes = {
	};
	objectVersion = 50;
	objects = {

/* Begin PBXBuildFile section */
		EDF57DDB23D40DB80039AB65 /* AppDelegate.swift in Sources */ = {isa = PBXBuildFile; fileRef = EDF57DDA23D40DB80039AB65 /* AppDelegate.swift */; };
		EDF57DDD23D40DB80039AB65 /* SceneDelegate.swift in Sources */ = {isa = PBXBuildFile; fileRef = EDF57DDC23D40DB80039AB65 /* SceneDelegate.swift */; };
		EDF57DDF23D40DB80039AB65 /* ViewController.swift in Sources */ = {isa = PBXBuildFile; fileRef = EDF57DDE23D40DB80039AB65 /* ViewController.swift */; };
		EDF57DE223D40DB80039AB65 /* Main.storyboard in Resources */ = {isa = PBXBuildFile; fileRef = EDF57DE023D40DB80039AB65 /* Main.storyboard */; };
		EDF57DE423D40DBF0039AB65 /* Assets.xcassets in Resources */ = {isa = PBXBuildFile; fileRef = EDF57DE323D40DBF0039AB65 /* Assets.xcassets */; };
		EDF57DE723D40DBF0039AB65 /* LaunchScreen.storyboard in Resources */ = {isa = PBXBuildFile; fileRef = EDF57DE523D40DBF0039AB65 /* LaunchScreen.storyboard */; };
		EDF57DF223D40DBF0039AB65 /* tip_appTests.swift in Sources */ = {isa = PBXBuildFile; fileRef = EDF57DF123D40DBF0039AB65 /* tip_appTests.swift */; };
		EDF57DFD23D40DBF0039AB65 /* tip_appUITests.swift in Sources */ = {isa = PBXBuildFile; fileRef = EDF57DFC23D40DBF0039AB65 /* tip_appUITests.swift */; };
/* End PBXBuildFile section */

/* Begin PBXContainerItemProxy section */
		EDF57DEE23D40DBF0039AB65 /* PBXContainerItemProxy */ = {
			isa = PBXContainerItemProxy;
			containerPortal = EDF57DCF23D40DB80039AB65 /* Project object */;
			proxyType = 1;
			remoteGlobalIDString = EDF57DD623D40DB80039AB65;
			remoteInfo = "tip app";
		};
		EDF57DF923D40DBF0039AB65 /* PBXContainerItemProxy */ = {
			isa = PBXContainerItemProxy;
			containerPortal = EDF57DCF23D40DB80039AB65 /* Project object */;
			proxyType = 1;
			remoteGlobalIDString = EDF57DD623D40DB80039AB65;
			remoteInfo = "tip app";
		};
/* End PBXContainerItemProxy section */

/* Begin PBXFileReference section */
		EDF57DD723D40DB80039AB65 /* tip app.app */ = {isa = PBXFileReference; explicitFileType = wrapper.application; includeInIndex = 0; path = "tip app.app"; sourceTree = BUILT_PRODUCTS_DIR; };
		EDF57DDA23D40DB80039AB65 /* AppDelegate.swift */ = {isa = PBXFileReference; lastKnownFileType = sourcecode.swift; path = AppDelegate.swift; sourceTree = "<group>"; };
		EDF57DDC23D40DB80039AB65 /* SceneDelegate.swift */ = {isa = PBXFileReference; lastKnownFileType = sourcecode.swift; path = SceneDelegate.swift; sourceTree = "<group>"; };
		EDF57DDE23D40DB80039AB65 /* ViewController.swift */ = {isa = PBXFileReference; lastKnownFileType = sourcecode.swift; path = ViewController.swift; sourceTree = "<group>"; };
		EDF57DE123D40DB80039AB65 /* Base */ = {isa = PBXFileReference; lastKnownFileType = file.storyboard; name = Base; path = Base.lproj/Main.storyboard; sourceTree = "<group>"; };
		EDF57DE323D40DBF0039AB65 /* Assets.xcassets */ = {isa = PBXFileReference; lastKnownFileType = folder.assetcatalog; path = Assets.xcassets; sourceTree = "<group>"; };
		EDF57DE623D40DBF0039AB65 /* Base */ = {isa = PBXFileReference; lastKnownFileType = file.storyboard; name = Base; path = Base.lproj/LaunchScreen.storyboard; sourceTree = "<group>"; };
		EDF57DE823D40DBF0039AB65 /* Info.plist */ = {isa = PBXFileReference; lastKnownFileType = text.plist.xml; path = Info.plist; sourceTree = "<group>"; };
		EDF57DED23D40DBF0039AB65 /* tip appTests.xctest */ = {isa = PBXFileReference; explicitFileType = wrapper.cfbundle; includeInIndex = 0; path = "tip appTests.xctest"; sourceTree = BUILT_PRODUCTS_DIR; };
		EDF57DF123D40DBF0039AB65 /* tip_appTests.swift */ = {isa = PBXFileReference; lastKnownFileType = sourcecode.swift; path = tip_appTests.swift; sourceTree = "<group>"; };
		EDF57DF323D40DBF0039AB65 /* Info.plist */ = {isa = PBXFileReference; lastKnownFileType = text.plist.xml; path = Info.plist; sourceTree = "<group>"; };
		EDF57DF823D40DBF0039AB65 /* tip appUITests.xctest */ = {isa = PBXFileReference; explicitFileType = wrapper.cfbundle; includeInIndex = 0; path = "tip appUITests.xctest"; sourceTree = BUILT_PRODUCTS_DIR; };
		EDF57DFC23D40DBF0039AB65 /* tip_appUITests.swift */ = {isa = PBXFileReference; lastKnownFileType = sourcecode.swift; path = tip_appUITests.swift; sourceTree = "<group>"; };
		EDF57DFE23D40DBF0039AB65 /* Info.plist */ = {isa = PBXFileReference; lastKnownFileType = text.plist.xml; path = Info.plist; sourceTree = "<group>"; };
/* End PBXFileReference section */

/* Begin PBXFrameworksBuildPhase section */
		EDF57DD423D40DB80039AB65 /* Frameworks */ = {
			isa = PBXFrameworksBuildPhase;
			buildActionMask = 2147483647;
			files = (
			);
			runOnlyForDeploymentPostprocessing = 0;
		};
		EDF57DEA23D40DBF0039AB65 /* Frameworks */ = {
			isa = PBXFrameworksBuildPhase;
			buildActionMask = 2147483647;
			files = (
			);
			runOnlyForDeploymentPostprocessing = 0;
		};
		EDF57DF523D40DBF0039AB65 /* Frameworks */ = {
			isa = PBXFrameworksBuildPhase;
			buildActionMask = 2147483647;
			files = (
			);
			runOnlyForDeploymentPostprocessing = 0;
		};
/* End PBXFrameworksBuildPhase section */

/* Begin PBXGroup section */
		EDF57DCE23D40DB80039AB65 = {
			isa = PBXGroup;
			children = (
				EDF57DD923D40DB80039AB65 /* tip app */,
				EDF57DF023D40DBF0039AB65 /* tip appTests */,
				EDF57DFB23D40DBF0039AB65 /* tip appUITests */,
				EDF57DD823D40DB80039AB65 /* Products */,
			);
			sourceTree = "<group>";
		};
		EDF57DD823D40DB80039AB65 /* Products */ = {
			isa = PBXGroup;
			children = (
				EDF57DD723D40DB80039AB65 /* tip app.app */,
				EDF57DED23D40DBF0039AB65 /* tip appTests.xctest */,
				EDF57DF823D40DBF0039AB65 /* tip appUITests.xctest */,
			);
			name = Products;
			sourceTree = "<group>";
		};
		EDF57DD923D40DB80039AB65 /* tip app */ = {
			isa = PBXGroup;
			children = (
				EDF57DDA23D40DB80039AB65 /* AppDelegate.swift */,
				EDF57DDC23D40DB80039AB65 /* SceneDelegate.swift */,
				EDF57DDE23D40DB80039AB65 /* ViewController.swift */,
				EDF57DE023D40DB80039AB65 /* Main.storyboard */,
				EDF57DE323D40DBF0039AB65 /* Assets.xcassets */,
				EDF57DE523D40DBF0039AB65 /* LaunchScreen.storyboard */,
				EDF57DE823D40DBF0039AB65 /* Info.plist */,
			);
			path = "tip app";
			sourceTree = "<group>";
		};
		EDF57DF023D40DBF0039AB65 /* tip appTests */ = {
			isa = PBXGroup;
			children = (
				EDF57DF123D40DBF0039AB65 /* tip_appTests.swift */,
				EDF57DF323D40DBF0039AB65 /* Info.plist */,
			);
			path = "tip appTests";
			sourceTree = "<group>";
		};
		EDF57DFB23D40DBF0039AB65 /* tip appUITests */ = {
			isa = PBXGroup;
			children = (
				EDF57DFC23D40DBF0039AB65 /* tip_appUITests.swift */,
				EDF57DFE23D40DBF0039AB65 /* Info.plist */,
			);
			path = "tip appUITests";
			sourceTree = "<group>";
		};
/* End PBXGroup section */

/* Begin PBXNativeTarget section */
		EDF57DD623D40DB80039AB65 /* tip app */ = {
			isa = PBXNativeTarget;
			buildConfigurationList = EDF57E0123D40DBF0039AB65 /* Build configuration list for PBXNativeTarget "tip app" */;
			buildPhases = (
				EDF57DD323D40DB80039AB65 /* Sources */,
				EDF57DD423D40DB80039AB65 /* Frameworks */,
				EDF57DD523D40DB80039AB65 /* Resources */,
			);
			buildRules = (
			);
			dependencies = (
			);
			name = "tip app";
			productName = "tip app";
			productReference = EDF57DD723D40DB80039AB65 /* tip app.app */;
			productType = "com.apple.product-type.application";
		};
		EDF57DEC23D40DBF0039AB65 /* tip appTests */ = {
			isa = PBXNativeTarget;
			buildConfigurationList = EDF57E0423D40DBF0039AB65 /* Build configuration list for PBXNativeTarget "tip appTests" */;
			buildPhases = (
				EDF57DE923D40DBF0039AB65 /* Sources */,
				EDF57DEA23D40DBF0039AB65 /* Frameworks */,
				EDF57DEB23D40DBF0039AB65 /* Resources */,
			);
			buildRules = (
			);
			dependencies = (
				EDF57DEF23D40DBF0039AB65 /* PBXTargetDependency */,
			);
			name = "tip appTests";
			productName = "tip appTests";
			productReference = EDF57DED23D40DBF0039AB65 /* tip appTests.xctest */;
			productType = "com.apple.product-type.bundle.unit-test";
		};
		EDF57DF723D40DBF0039AB65 /* tip appUITests */ = {
			isa = PBXNativeTarget;
			buildConfigurationList = EDF57E0723D40DBF0039AB65 /* Build configuration list for PBXNativeTarget "tip appUITests" */;
			buildPhases = (
				EDF57DF423D40DBF0039AB65 /* Sources */,
				EDF57DF523D40DBF0039AB65 /* Frameworks */,
				EDF57DF623D40DBF0039AB65 /* Resources */,
			);
			buildRules = (
			);
			dependencies = (
				EDF57DFA23D40DBF0039AB65 /* PBXTargetDependency */,
			);
			name = "tip appUITests";
			productName = "tip appUITests";
			productReference = EDF57DF823D40DBF0039AB65 /* tip appUITests.xctest */;
			productType = "com.apple.product-type.bundle.ui-testing";
		};
/* End PBXNativeTarget section */

/* Begin PBXProject section */
		EDF57DCF23D40DB80039AB65 /* Project object */ = {
			isa = PBXProject;
			attributes = {
				LastSwiftUpdateCheck = 1130;
				LastUpgradeCheck = 1130;
				ORGANIZATIONNAME = "Kay Lab";
				TargetAttributes = {
					EDF57DD623D40DB80039AB65 = {
						CreatedOnToolsVersion = 11.3.1;
					};
					EDF57DEC23D40DBF0039AB65 = {
						CreatedOnToolsVersion = 11.3.1;
						TestTargetID = EDF57DD623D40DB80039AB65;
					};
					EDF57DF723D40DBF0039AB65 = {
						CreatedOnToolsVersion = 11.3.1;
						TestTargetID = EDF57DD623D40DB80039AB65;
					};
				};
			};
			buildConfigurationList = EDF57DD223D40DB80039AB65 /* Build configuration list for PBXProject "tip app" */;
			compatibilityVersion = "Xcode 9.3";
			developmentRegion = en;
			hasScannedForEncodings = 0;
			knownRegions = (
				en,
				Base,
			);
			mainGroup = EDF57DCE23D40DB80039AB65;
			productRefGroup = EDF57DD823D40DB80039AB65 /* Products */;
			projectDirPath = "";
			projectRoot = "";
			targets = (
				EDF57DD623D40DB80039AB65 /* tip app */,
				EDF57DEC23D40DBF0039AB65 /* tip appTests */,
				EDF57DF723D40DBF0039AB65 /* tip appUITests */,
			);
		};
/* End PBXProject section */

/* Begin PBXResourcesBuildPhase section */
		EDF57DD523D40DB80039AB65 /* Resources */ = {
			isa = PBXResourcesBuildPhase;
			buildActionMask = 2147483647;
			files = (
				EDF57DE723D40DBF0039AB65 /* LaunchScreen.storyboard in Resources */,
				EDF57DE423D40DBF0039AB65 /* Assets.xcassets in Resources */,
				EDF57DE223D40DB80039AB65 /* Main.storyboard in Resources */,
			);
			runOnlyForDeploymentPostprocessing = 0;
		};
		EDF57DEB23D40DBF0039AB65 /* Resources */ = {
			isa = PBXResourcesBuildPhase;
			buildActionMask = 2147483647;
			files = (
			);
			runOnlyForDeploymentPostprocessing = 0;
		};
		EDF57DF623D40DBF0039AB65 /* Resources */ = {
			isa = PBXResourcesBuildPhase;
			buildActionMask = 2147483647;
			files = (
			);
			runOnlyForDeploymentPostprocessing = 0;
		};
/* End PBXResourcesBuildPhase section */

/* Begin PBXSourcesBuildPhase section */
		EDF57DD323D40DB80039AB65 /* Sources */ = {
			isa = PBXSourcesBuildPhase;
			buildActionMask = 2147483647;
			files = (
				EDF57DDF23D40DB80039AB65 /* ViewController.swift in Sources */,
				EDF57DDB23D40DB80039AB65 /* AppDelegate.swift in Sources */,
				EDF57DDD23D40DB80039AB65 /* SceneDelegate.swift in Sources */,
			);
			runOnlyForDeploymentPostprocessing = 0;
		};
		EDF57DE923D40DBF0039AB65 /* Sources */ = {
			isa = PBXSourcesBuildPhase;
			buildActionMask = 2147483647;
			files = (
				EDF57DF223D40DBF0039AB65 /* tip_appTests.swift in Sources */,
			);
			runOnlyForDeploymentPostprocessing = 0;
		};
		EDF57DF423D40DBF0039AB65 /* Sources */ = {
			isa = PBXSourcesBuildPhase;
			buildActionMask = 2147483647;
			files = (
				EDF57DFD23D40DBF0039AB65 /* tip_appUITests.swift in Sources */,
			);
			runOnlyForDeploymentPostprocessing = 0;
		};
/* End PBXSourcesBuildPhase section */

/* Begin PBXTargetDependency section */
		EDF57DEF23D40DBF0039AB65 /* PBXTargetDependency */ = {
			isa = PBXTargetDependency;
			target = EDF57DD623D40DB80039AB65 /* tip app */;
			targetProxy = EDF57DEE23D40DBF0039AB65 /* PBXContainerItemProxy */;
		};
		EDF57DFA23D40DBF0039AB65 /* PBXTargetDependency */ = {
			isa = PBXTargetDependency;
			target = EDF57DD623D40DB80039AB65 /* tip app */;
			targetProxy = EDF57DF923D40DBF0039AB65 /* PBXContainerItemProxy */;
		};
/* End PBXTargetDependency section */

/* Begin PBXVariantGroup section */
		EDF57DE023D40DB80039AB65 /* Main.storyboard */ = {
			isa = PBXVariantGroup;
			children = (
				EDF57DE123D40DB80039AB65 /* Base */,
			);
			name = Main.storyboard;
			sourceTree = "<group>";
		};
		EDF57DE523D40DBF0039AB65 /* LaunchScreen.storyboard */ = {
			isa = PBXVariantGroup;
			children = (
				EDF57DE623D40DBF0039AB65 /* Base */,
			);
			name = LaunchScreen.storyboard;
			sourceTree = "<group>";
		};
/* End PBXVariantGroup section */

/* Begin XCBuildConfiguration section */
		EDF57DFF23D40DBF0039AB65 /* Debug */ = {
			isa = XCBuildConfiguration;
			buildSettings = {
				ALWAYS_SEARCH_USER_PATHS = NO;
				CLANG_ANALYZER_NONNULL = YES;
				CLANG_ANALYZER_NUMBER_OBJECT_CONVERSION = YES_AGGRESSIVE;
				CLANG_CXX_LANGUAGE_STANDARD = "gnu++14";
				CLANG_CXX_LIBRARY = "libc++";
				CLANG_ENABLE_MODULES = YES;
				CLANG_ENABLE_OBJC_ARC = YES;
				CLANG_ENABLE_OBJC_WEAK = YES;
				CLANG_WARN_BLOCK_CAPTURE_AUTORELEASING = YES;
				CLANG_WARN_BOOL_CONVERSION = YES;
				CLANG_WARN_COMMA = YES;
				CLANG_WARN_CONSTANT_CONVERSION = YES;
				CLANG_WARN_DEPRECATED_OBJC_IMPLEMENTATIONS = YES;
				CLANG_WARN_DIRECT_OBJC_ISA_USAGE = YES_ERROR;
				CLANG_WARN_DOCUMENTATION_COMMENTS = YES;
				CLANG_WARN_EMPTY_BODY = YES;
				CLANG_WARN_ENUM_CONVERSION = YES;
				CLANG_WARN_INFINITE_RECURSION = YES;
				CLANG_WARN_INT_CONVERSION = YES;
				CLANG_WARN_NON_LITERAL_NULL_CONVERSION = YES;
				CLANG_WARN_OBJC_IMPLICIT_RETAIN_SELF = YES;
				CLANG_WARN_OBJC_LITERAL_CONVERSION = YES;
				CLANG_WARN_OBJC_ROOT_CLASS = YES_ERROR;
				CLANG_WARN_RANGE_LOOP_ANALYSIS = YES;
				CLANG_WARN_STRICT_PROTOTYPES = YES;
				CLANG_WARN_SUSPICIOUS_MOVE = YES;
				CLANG_WARN_UNGUARDED_AVAILABILITY = YES_AGGRESSIVE;
				CLANG_WARN_UNREACHABLE_CODE = YES;
				CLANG_WARN__DUPLICATE_METHOD_MATCH = YES;
				COPY_PHASE_STRIP = NO;
				DEBUG_INFORMATION_FORMAT = dwarf;
				ENABLE_STRICT_OBJC_MSGSEND = YES;
				ENABLE_TESTABILITY = YES;
				GCC_C_LANGUAGE_STANDARD = gnu11;
				GCC_DYNAMIC_NO_PIC = NO;
				GCC_NO_COMMON_BLOCKS = YES;
				GCC_OPTIMIZATION_LEVEL = 0;
				GCC_PREPROCESSOR_DEFINITIONS = (
					"DEBUG=1",
					"$(inherited)",
				);
				GCC_WARN_64_TO_32_BIT_CONVERSION = YES;
				GCC_WARN_ABOUT_RETURN_TYPE = YES_ERROR;
				GCC_WARN_UNDECLARED_SELECTOR = YES;
				GCC_WARN_UNINITIALIZED_AUTOS = YES_AGGRESSIVE;
				GCC_WARN_UNUSED_FUNCTION = YES;
				GCC_WARN_UNUSED_VARIABLE = YES;
				IPHONEOS_DEPLOYMENT_TARGET = 13.2;
				MTL_ENABLE_DEBUG_INFO = INCLUDE_SOURCE;
				MTL_FAST_MATH = YES;
				ONLY_ACTIVE_ARCH = YES;
				SDKROOT = iphoneos;
				SWIFT_ACTIVE_COMPILATION_CONDITIONS = DEBUG;
				SWIFT_OPTIMIZATION_LEVEL = "-Onone";
			};
			name = Debug;
		};
		EDF57E0023D40DBF0039AB65 /* Release */ = {
			isa = XCBuildConfiguration;
			buildSettings = {
				ALWAYS_SEARCH_USER_PATHS = NO;
				CLANG_ANALYZER_NONNULL = YES;
				CLANG_ANALYZER_NUMBER_OBJECT_CONVERSION = YES_AGGRESSIVE;
				CLANG_CXX_LANGUAGE_STANDARD = "gnu++14";
				CLANG_CXX_LIBRARY = "libc++";
				CLANG_ENABLE_MODULES = YES;
				CLANG_ENABLE_OBJC_ARC = YES;
				CLANG_ENABLE_OBJC_WEAK = YES;
				CLANG_WARN_BLOCK_CAPTURE_AUTORELEASING = YES;
				CLANG_WARN_BOOL_CONVERSION = YES;
				CLANG_WARN_COMMA = YES;
				CLANG_WARN_CONSTANT_CONVERSION = YES;
				CLANG_WARN_DEPRECATED_OBJC_IMPLEMENTATIONS = YES;
				CLANG_WARN_DIRECT_OBJC_ISA_USAGE = YES_ERROR;
				CLANG_WARN_DOCUMENTATION_COMMENTS = YES;
				CLANG_WARN_EMPTY_BODY = YES;
				CLANG_WARN_ENUM_CONVERSION = YES;
				CLANG_WARN_INFINITE_RECURSION = YES;
				CLANG_WARN_INT_CONVERSION = YES;
				CLANG_WARN_NON_LITERAL_NULL_CONVERSION = YES;
				CLANG_WARN_OBJC_IMPLICIT_RETAIN_SELF = YES;
				CLANG_WARN_OBJC_LITERAL_CONVERSION = YES;
				CLANG_WARN_OBJC_ROOT_CLASS = YES_ERROR;
				CLANG_WARN_RANGE_LOOP_ANALYSIS = YES;
				CLANG_WARN_STRICT_PROTOTYPES = YES;
				CLANG_WARN_SUSPICIOUS_MOVE = YES;
				CLANG_WARN_UNGUARDED_AVAILABILITY = YES_AGGRESSIVE;
				CLANG_WARN_UNREACHABLE_CODE = YES;
				CLANG_WARN__DUPLICATE_METHOD_MATCH = YES;
				COPY_PHASE_STRIP = NO;
				DEBUG_INFORMATION_FORMAT = "dwarf-with-dsym";
				ENABLE_NS_ASSERTIONS = NO;
				ENABLE_STRICT_OBJC_MSGSEND = YES;
				GCC_C_LANGUAGE_STANDARD = gnu11;
				GCC_NO_COMMON_BLOCKS = YES;
				GCC_WARN_64_TO_32_BIT_CONVERSION = YES;
				GCC_WARN_ABOUT_RETURN_TYPE = YES_ERROR;
				GCC_WARN_UNDECLARED_SELECTOR = YES;
				GCC_WARN_UNINITIALIZED_AUTOS = YES_AGGRESSIVE;
				GCC_WARN_UNUSED_FUNCTION = YES;
				GCC_WARN_UNUSED_VARIABLE = YES;
				IPHONEOS_DEPLOYMENT_TARGET = 13.2;
				MTL_ENABLE_DEBUG_INFO = NO;
				MTL_FAST_MATH = YES;
				SDKROOT = iphoneos;
				SWIFT_COMPILATION_MODE = wholemodule;
				SWIFT_OPTIMIZATION_LEVEL = "-O";
				VALIDATE_PRODUCT = YES;
			};
			name = Release;
		};
		EDF57E0223D40DBF0039AB65 /* Debug */ = {
			isa = XCBuildConfiguration;
			buildSettings = {
				ASSETCATALOG_COMPILER_APPICON_NAME = AppIcon;
				CODE_SIGN_STYLE = Automatic;
				INFOPLIST_FILE = "tip app/Info.plist";
				LD_RUNPATH_SEARCH_PATHS = (
					"$(inherited)",
					"@executable_path/Frameworks",
				);
				PRODUCT_BUNDLE_IDENTIFIER = "hh.tip-app";
				PRODUCT_NAME = "$(TARGET_NAME)";
				SWIFT_VERSION = 5.0;
				TARGETED_DEVICE_FAMILY = "1,2";
			};
			name = Debug;
		};
		EDF57E0323D40DBF0039AB65 /* Release */ = {
			isa = XCBuildConfiguration;
			buildSettings = {
				ASSETCATALOG_COMPILER_APPICON_NAME = AppIcon;
				CODE_SIGN_STYLE = Automatic;
				INFOPLIST_FILE = "tip app/Info.plist";
				LD_RUNPATH_SEARCH_PATHS = (
					"$(inherited)",
					"@executable_path/Frameworks",
				);
				PRODUCT_BUNDLE_IDENTIFIER = "hh.tip-app";
				PRODUCT_NAME = "$(TARGET_NAME)";
				SWIFT_VERSION = 5.0;
				TARGETED_DEVICE_FAMILY = "1,2";
			};
			name = Release;
		};
		EDF57E0523D40DBF0039AB65 /* Debug */ = {
			isa = XCBuildConfiguration;
			buildSettings = {
				ALWAYS_EMBED_SWIFT_STANDARD_LIBRARIES = YES;
				BUNDLE_LOADER = "$(TEST_HOST)";
				CODE_SIGN_STYLE = Automatic;
				INFOPLIST_FILE = "tip appTests/Info.plist";
				IPHONEOS_DEPLOYMENT_TARGET = 13.2;
				LD_RUNPATH_SEARCH_PATHS = (
					"$(inherited)",
					"@executable_path/Frameworks",
					"@loader_path/Frameworks",
				);
				PRODUCT_BUNDLE_IDENTIFIER = "hh.tip-appTests";
				PRODUCT_NAME = "$(TARGET_NAME)";
				SWIFT_VERSION = 5.0;
				TARGETED_DEVICE_FAMILY = "1,2";
				TEST_HOST = "$(BUILT_PRODUCTS_DIR)/tip app.app/tip app";
			};
			name = Debug;
		};
		EDF57E0623D40DBF0039AB65 /* Release */ = {
			isa = XCBuildConfiguration;
			buildSettings = {
				ALWAYS_EMBED_SWIFT_STANDARD_LIBRARIES = YES;
				BUNDLE_LOADER = "$(TEST_HOST)";
				CODE_SIGN_STYLE = Automatic;
				INFOPLIST_FILE = "tip appTests/Info.plist";
				IPHONEOS_DEPLOYMENT_TARGET = 13.2;
				LD_RUNPATH_SEARCH_PATHS = (
					"$(inherited)",
					"@executable_path/Frameworks",
					"@loader_path/Frameworks",
				);
				PRODUCT_BUNDLE_IDENTIFIER = "hh.tip-appTests";
				PRODUCT_NAME = "$(TARGET_NAME)";
				SWIFT_VERSION = 5.0;
				TARGETED_DEVICE_FAMILY = "1,2";
				TEST_HOST = "$(BUILT_PRODUCTS_DIR)/tip app.app/tip app";
			};
			name = Release;
		};
		EDF57E0823D40DBF0039AB65 /* Debug */ = {
			isa = XCBuildConfiguration;
			buildSettings = {
				ALWAYS_EMBED_SWIFT_STANDARD_LIBRARIES = YES;
				CODE_SIGN_STYLE = Automatic;
				INFOPLIST_FILE = "tip appUITests/Info.plist";
				LD_RUNPATH_SEARCH_PATHS = (
					"$(inherited)",
					"@executable_path/Frameworks",
					"@loader_path/Frameworks",
				);
				PRODUCT_BUNDLE_IDENTIFIER = "hh.tip-appUITests";
				PRODUCT_NAME = "$(TARGET_NAME)";
				SWIFT_VERSION = 5.0;
				TARGETED_DEVICE_FAMILY = "1,2";
				TEST_TARGET_NAME = "tip app";
			};
			name = Debug;
		};
		EDF57E0923D40DBF0039AB65 /* Release */ = {
			isa = XCBuildConfiguration;
			buildSettings = {
				ALWAYS_EMBED_SWIFT_STANDARD_LIBRARIES = YES;
				CODE_SIGN_STYLE = Automatic;
				INFOPLIST_FILE = "tip appUITests/Info.plist";
				LD_RUNPATH_SEARCH_PATHS = (
					"$(inherited)",
					"@executable_path/Frameworks",
					"@loader_path/Frameworks",
				);
				PRODUCT_BUNDLE_IDENTIFIER = "hh.tip-appUITests";
				PRODUCT_NAME = "$(TARGET_NAME)";
				SWIFT_VERSION = 5.0;
				TARGETED_DEVICE_FAMILY = "1,2";
				TEST_TARGET_NAME = "tip app";
			};
			name = Release;
		};
/* End XCBuildConfiguration section */

/* Begin XCConfigurationList section */
		EDF57DD223D40DB80039AB65 /* Build configuration list for PBXProject "tip app" */ = {
			isa = XCConfigurationList;
			buildConfigurations = (
				EDF57DFF23D40DBF0039AB65 /* Debug */,
				EDF57E0023D40DBF0039AB65 /* Release */,
			);
			defaultConfigurationIsVisible = 0;
			defaultConfigurationName = Release;
		};
		EDF57E0123D40DBF0039AB65 /* Build configuration list for PBXNativeTarget "tip app" */ = {
			isa = XCConfigurationList;
			buildConfigurations = (
				EDF57E0223D40DBF0039AB65 /* Debug */,
				EDF57E0323D40DBF0039AB65 /* Release */,
			);
			defaultConfigurationIsVisible = 0;
			defaultConfigurationName = Release;
		};
		EDF57E0423D40DBF0039AB65 /* Build configuration list for PBXNativeTarget "tip appTests" */ = {
			isa = XCConfigurationList;
			buildConfigurations = (
				EDF57E0523D40DBF0039AB65 /* Debug */,
				EDF57E0623D40DBF0039AB65 /* Release */,
			);
			defaultConfigurationIsVisible = 0;
			defaultConfigurationName = Release;
		};
		EDF57E0723D40DBF0039AB65 /* Build configuration list for PBXNativeTarget "tip appUITests" */ = {
			isa = XCConfigurationList;
			buildConfigurations = (
				EDF57E0823D40DBF0039AB65 /* Debug */,
				EDF57E0923D40DBF0039AB65 /* Release */,
			);
			defaultConfigurationIsVisible = 0;
			defaultConfigurationName = Release;
		};
/* End XCConfigurationList section */
	};
	rootObject = EDF57DCF23D40DB80039AB65 /* Project object */;
}
